
Microsoft Visual Studio Solution File, Format Version 12.00
# Visual Studio Version 17
VisualStudioVersion = 17.1.32421.90
MinimumVisualStudioVersion = 10.0.40219.1
Project("{FAE04EC0-301F-11D3-BF4B-00C04F79EFBC}") = "Git1", "Git1\Git1.csproj", "{CE33634C-DD82-429C-8C3B-87850472AFE4}"
EndProject
Global
	GlobalSection(SolutionConfigurationPlatforms) = preSolution
		Debug|Any CPU = Debug|Any CPU
		Release|Any CPU = Release|Any CPU
	EndGlobalSection
	GlobalSection(ProjectConfigurationPlatforms) = postSolution
		{CE33634C-DD82-429C-8C3B-87850472AFE4}.Debug|Any CPU.ActiveCfg = Debug|Any CPU
		{CE33634C-DD82-429C-8C3B-87850472AFE4}.Debug|Any CPU.Build.0 = Debug|Any CPU
		{CE33634C-DD82-429C-8C3B-87850472AFE4}.Release|Any CPU.ActiveCfg = Release|Any CPU
		{CE33634C-DD82-429C-8C3B-87850472AFE4}.Release|Any CPU.Build.0 = Release|Any CPU
	EndGlobalSection
	GlobalSection(SolutionProperties) = preSolution
		HideSolutionNode = FALSE
	EndGlobalSection
	GlobalSection(ExtensibilityGlobals) = postSolution
		SolutionGuid = {B7C5C73B-30E2-4B4D-90D5-8F3AEAD79DEF}
	EndGlobalSection
EndGlobal
